Microsoft Visual Studio Solution File, Format Version 12.00
# Visual Studio Version 17
VisualStudioVersion = 17.5.002.0
MinimumVisualStudioVersion = 10.0.40219.1
Project("{9A19103F-16F7-4668-BE54-9A1E7A4F7556}") = "TaxiManagementAssignment", "TaxiManagementAssignment.csproj", "{5F39AAA8-7243-4240-B97E-784621DD1402}"
EndProject
Global
	GlobalSection(SolutionConfigurationPlatforms) = preSolution
		Debug|Any CPU = Debug|Any CPU
		Release|Any CPU = Release|Any CPU
	EndGlobalSection
	GlobalSection(ProjectConfigurationPlatforms) = postSolution
		{5F39AAA8-7243-4240-B97E-784621DD1402}.Debug|Any CPU.ActiveCfg = Debug|Any CPU
		{5F39AAA8-7243-4240-B97E-784621DD1402}.Debug|Any CPU.Build.0 = Debug|Any CPU
		{5F39AAA8-7243-4240-B97E-784621DD1402}.Release|Any CPU.ActiveCfg = Release|Any CPU
		{5F39AAA8-7243-4240-B97E-784621DD1402}.Release|Any CPU.Build.0 = Release|Any CPU
	EndGlobalSection
	GlobalSection(SolutionProperties) = preSolution
		HideSolutionNode = FALSE
	EndGlobalSection
	GlobalSection(ExtensibilityGlobals) = postSolution
		SolutionGuid = {5A4D9B8D-902D-421B-B81F-4392CEF434DF}
	EndGlobalSection
EndGlobal
